
Microsoft Visual Studio Solution File, Format Version 12.00
# Visual Studio Version 17
VisualStudioVersion = 17.14.36623.8
MinimumVisualStudioVersion = 10.0.40219.1
Project("{F184B08F-C81C-45F6-A57F-5ABD9991F28F}") = "Library_System_New", "Library_System_New\Library_System_New.vbproj", "{95610C03-1969-40A6-9D1C-94AFD4C5E71E}"
EndProject
Project("{2150E333-8FDC-42A3-9474-1A3956D46DE8}") = "Solution Items", "Solution Items", "{8EC462FD-D22E-90A8-E5CE-7E832BA40C5D}"
EndProject
Global
	GlobalSection(SolutionConfigurationPlatforms) = preSolution
		Debug|Any CPU = Debug|Any CPU
		Release|Any CPU = Release|Any CPU
	EndGlobalSection
	GlobalSection(ProjectConfigurationPlatforms) = postSolution
		{95610C03-1969-40A6-9D1C-94AFD4C5E71E}.Debug|Any CPU.ActiveCfg = Debug|Any CPU
		{95610C03-1969-40A6-9D1C-94AFD4C5E71E}.Debug|Any CPU.Build.0 = Debug|Any CPU
		{95610C03-1969-40A6-9D1C-94AFD4C5E71E}.Release|Any CPU.ActiveCfg = Release|Any CPU
		{95610C03-1969-40A6-9D1C-94AFD4C5E71E}.Release|Any CPU.Build.0 = Release|Any CPU
	EndGlobalSection
	GlobalSection(SolutionProperties) = preSolution
		HideSolutionNode = FALSE
	EndGlobalSection
	GlobalSection(ExtensibilityGlobals) = postSolution
		SolutionGuid = {6C2D0B10-6693-4E20-9B85-71C479117824}
	EndGlobalSection
EndGlobal
